
Microsoft Visual Studio Solution File, Format Version 12.00
# Visual Studio Version 17
VisualStudioVersion = 17.0.31903.59
MinimumVisualStudioVersion = 10.0.40219.1
Project("{2150E333-8FDC-42A3-9474-1A3956D46DE8}") = "Gateway", "Gateway", "{EB5D4B8E-4910-4460-8A4F-1B218AFF3895}"
EndProject
Project("{9A19103F-16F7-4668-BE54-9A1E7A4F7556}") = "PHED_CGRC.Gateway", "Gateway\PHED_CGRC.Gateway\PHED_CGRC.Gateway.csproj", "{C2C69AA7-DD15-419D-B0F3-37B6DE10CC1B}"
EndProject
Project("{2150E333-8FDC-42A3-9474-1A3956D46DE8}") = "Presentation", "Presentation", "{ED7D811A-4417-4EB8-8BB7-0A9D1EA31800}"
EndProject
Project("{9A19103F-16F7-4668-BE54-9A1E7A4F7556}") = "PHED_CGRC.Web", "Presentation\PHED_CGRC.Web\PHED_CGRC.Web.csproj", "{0565517C-31D0-4118-B16B-A0B9546DF9AE}"
EndProject
Project("{2150E333-8FDC-42A3-9474-1A3956D46DE8}") = "Src", "Src", "{F8E2F035-EC85-49AA-8584-3E18C5B54EE9}"
EndProject
Project("{2150E333-8FDC-42A3-9474-1A3956D46DE8}") = "CommonMaster", "CommonMaster", "{003C2D53-8E51-4436-94E1-40E7BB64B7F5}"
EndProject
Project("{9A19103F-16F7-4668-BE54-9A1E7A4F7556}") = "CommonMaster.Model", "Src\CommonMaster\CommonMaster.Model\CommonMaster.Model.csproj", "{BBFDC463-81E0-4D06-89BF-629DA079CA9E}"
EndProject
Project("{9A19103F-16F7-4668-BE54-9A1E7A4F7556}") = "CommonMaster.Repository", "Src\CommonMaster\CommonMaster.Repository\CommonMaster.Repository.csproj", "{F2B3CEE0-752C-4162-BC6D-11D4A75CB79F}"
EndProject
Project("{9A19103F-16F7-4668-BE54-9A1E7A4F7556}") = "CommonMaster.API", "Src\CommonMaster\CommonMaster.API\CommonMaster.API.csproj", "{4546E24A-EC96-4EE2-B61E-6E6B80809309}"
EndProject
Project("{9A19103F-16F7-4668-BE54-9A1E7A4F7556}") = "CommonMaster.Core", "Src\CommonMaster\CommonMaster.Core\CommonMaster.Core.csproj", "{FBEF5DFE-9853-446C-90D4-9ABC7AB6847B}"
EndProject
Project("{2150E333-8FDC-42A3-9474-1A3956D46DE8}") = "GMS", "GMS", "{A366F68A-628A-4579-BC0F-486B03EF49D3}"
EndProject
Project("{9A19103F-16F7-4668-BE54-9A1E7A4F7556}") = "GMS.Model", "Src\GMS\GMS.Model\GMS.Model.csproj", "{C2178F43-8487-4F46-A666-295559B36105}"
EndProject
Project("{9A19103F-16F7-4668-BE54-9A1E7A4F7556}") = "GMS.Repository", "Src\GMS\GMS.Repository\GMS.Repository.csproj", "{1EE7AA96-E0EE-417E-A62F-5533CB67084C}"
EndProject
Project("{9A19103F-16F7-4668-BE54-9A1E7A4F7556}") = "GMS.API", "Src\GMS\GMS.API\GMS.API.csproj", "{EC773983-27FE-477B-8AA4-31740EB31AE1}"
EndProject
Project("{9A19103F-16F7-4668-BE54-9A1E7A4F7556}") = "GMS.Core", "Src\GMS\GMS.Core\GMS.Core.csproj", "{6D901023-CA93-46E4-998B-D3DAABBFDC14}"
EndProject
Project("{2150E333-8FDC-42A3-9474-1A3956D46DE8}") = "Config", "Config", "{473BC3A3-6EE2-4A02-95C9-3AD21E16D07E}"
EndProject
Project("{9A19103F-16F7-4668-BE54-9A1E7A4F7556}") = "Config.Model", "Src\Config\Config.Model\Config.Model.csproj", "{5D841A64-EEBF-4B1F-BFBB-932A06AB4F41}"
EndProject
Project("{9A19103F-16F7-4668-BE54-9A1E7A4F7556}") = "Config.Repository", "Src\Config\Config.Repository\Config.Repository.csproj", "{EB6B1C2F-924E-4611-A1AA-8A6B0B2FECB8}"
EndProject
Project("{9A19103F-16F7-4668-BE54-9A1E7A4F7556}") = "Config.API", "Src\Config\Config.API\Config.API.csproj", "{6B1D90BC-95DE-485A-8233-F522A133130A}"
EndProject
Project("{9A19103F-16F7-4668-BE54-9A1E7A4F7556}") = "Config.Core", "Src\Config\Config.Core\Config.Core.csproj", "{5F52B098-F5D5-4E18-8F83-B67EEF3A06AB}"
EndProject
Project("{2150E333-8FDC-42A3-9474-1A3956D46DE8}") = "MISReport", "MISReport", "{98DFB4FC-A9FB-418F-8B48-B2148D271949}"
EndProject
Project("{9A19103F-16F7-4668-BE54-9A1E7A4F7556}") = "MISReport.Model", "Src\MISReport\MISReport.Model\MISReport.Model.csproj", "{EF5BF07C-9E22-4691-AB0C-56EB5F190904}"
EndProject
Project("{9A19103F-16F7-4668-BE54-9A1E7A4F7556}") = "MISReport.Repository", "Src\MISReport\MISReport.Repository\MISReport.Repository.csproj", "{8E4482CB-6869-4F53-81C1-12AC27D561E4}"
EndProject
Project("{9A19103F-16F7-4668-BE54-9A1E7A4F7556}") = "MISReport.API", "Src\MISReport\MISReport.API\MISReport.API.csproj", "{32124E6F-DBA1-43D1-B023-F484D9CF516A}"
EndProject
Project("{9A19103F-16F7-4668-BE54-9A1E7A4F7556}") = "MISReport.Core", "Src\MISReport\MISReport.Core\MISReport.Core.csproj", "{69FDCF15-44F6-4363-B3A9-ADFDAF226F90}"
EndProject
Project("{2150E333-8FDC-42A3-9474-1A3956D46DE8}") = "Login", "Login", "{B412F5BC-F8A9-4FD4-8C64-C20FF1B6B310}"
EndProject
Project("{9A19103F-16F7-4668-BE54-9A1E7A4F7556}") = "Login.Core", "Src\Login\Login.Core\Login.Core.csproj", "{567AE74B-8636-45BA-AEF9-F819FDD30801}"
EndProject
Project("{9A19103F-16F7-4668-BE54-9A1E7A4F7556}") = "Login.Model", "Src\Login\Login.Model\Login.Model.csproj", "{73C8E2E8-A0DF-4C69-BCB7-884AF824DBE1}"
EndProject
Project("{9A19103F-16F7-4668-BE54-9A1E7A4F7556}") = "Login.Repository", "Src\Login\Login.Repository\Login.Repository.csproj", "{2B33E0B3-F835-468E-AA31-4E17721D884D}"
EndProject
Project("{9A19103F-16F7-4668-BE54-9A1E7A4F7556}") = "Login.API", "Src\Login\Login.API\Login.API.csproj", "{A20F2003-5114-4CED-9FBB-200164FD8BFE}"
EndProject
Project("{54A90642-561A-4BB1-A94E-469ADEE60C69}") = "phed_ui", "phed_ui\phed_ui.esproj", "{77FB491F-45BD-487E-A822-3A61955FFDCA}"
EndProject
Project("{54A90642-561A-4BB1-A94E-469ADEE60C69}") = "phed_website", "phed_website\phed_website.esproj", "{654209FB-9953-41E1-80E4-8CD16B96EA76}"
EndProject
Project("{2150E333-8FDC-42A3-9474-1A3956D46DE8}") = "Dropdown", "Dropdown", "{359DD70B-0814-4B49-8011-2D93AE313BF5}"
EndProject
Project("{9A19103F-16F7-4668-BE54-9A1E7A4F7556}") = "Dropdown.API", "Src\Dropdown\Dropdown.API\Dropdown.API.csproj", "{FB902F85-B903-4755-B4FE-42A656CB8BEA}"
EndProject
Project("{9A19103F-16F7-4668-BE54-9A1E7A4F7556}") = "Dropdown.CORE", "Src\Dropdown\Dropdown.CORE\Dropdown.CORE.csproj", "{60370E57-D8C6-4893-A937-9B3E1B23BCF4}"
EndProject
Project("{9A19103F-16F7-4668-BE54-9A1E7A4F7556}") = "Dropdown.Model", "Src\Dropdown\Dropdown.Model\Dropdown.Model.csproj", "{3F468364-8AF8-4F7C-914E-483035C8FE99}"
EndProject
Project("{9A19103F-16F7-4668-BE54-9A1E7A4F7556}") = "Dropdown.Repository", "Src\Dropdown\Dropdown.Repository\Dropdown.Repository.csproj", "{2EB7B075-A8D2-489D-B178-991F53184856}"
EndProject
Project("{2150E333-8FDC-42A3-9474-1A3956D46DE8}") = "Website", "Website", "{C4A66308-C929-4BBA-961C-EFF2C9C51F8C}"
EndProject
Project("{9A19103F-16F7-4668-BE54-9A1E7A4F7556}") = "Website.API", "Website.API\Website.API.csproj", "{574972F2-1D8E-4F81-98FE-87B6C9579685}"
EndProject
Project("{9A19103F-16F7-4668-BE54-9A1E7A4F7556}") = "Website.CORE", "Website.CORE\Website.CORE.csproj", "{405E6053-CE8D-440A-8D8D-90605F094D96}"
EndProject
Project("{9A19103F-16F7-4668-BE54-9A1E7A4F7556}") = "Website.Model", "Website.Model\Website.Model.csproj", "{AD12676A-260A-4591-859C-5B8FB6A7CBE5}"
EndProject
Project("{9A19103F-16F7-4668-BE54-9A1E7A4F7556}") = "Website.Repository", "Website.Repository\Website.Repository.csproj", "{921113E0-869A-4D6C-A50C-5124A033AF15}"
EndProject
Project("{2150E333-8FDC-42A3-9474-1A3956D46DE8}") = "CMS", "CMS", "{602A9267-F3FF-4365-A876-D40DFE643BD8}"
EndProject
Project("{FAE04EC0-301F-11D3-BF4B-00C04F79EFBC}") = "CMS.API", "CMS.API\CMS.API.csproj", "{39E0F717-ABB0-4EAA-81B4-3FEF59E59BEA}"
EndProject
Project("{FAE04EC0-301F-11D3-BF4B-00C04F79EFBC}") = "CMS.Model", "CMS.Model\CMS.Model.csproj", "{E5980853-A525-4594-B6FD-3AC7F92EFBE9}"
EndProject
Project("{FAE04EC0-301F-11D3-BF4B-00C04F79EFBC}") = "CMS.Repository", "CMS.Repositories\CMS.Repository.csproj", "{6D009020-DBA3-4EFE-B771-F3C301F66945}"
EndProject
Project("{FAE04EC0-301F-11D3-BF4B-00C04F79EFBC}") = "CMS.Core", "CMS.Core\CMS.Core.csproj", "{210B3B8D-F68D-4446-9823-95976298D4CA}"
EndProject
Global
	GlobalSection(SolutionConfigurationPlatforms) = preSolution
		Debug|Any CPU = Debug|Any CPU
		Release|Any CPU = Release|Any CPU
	EndGlobalSection
	GlobalSection(ProjectConfigurationPlatforms) = postSolution
		{C2C69AA7-DD15-419D-B0F3-37B6DE10CC1B}.Debug|Any CPU.ActiveCfg = Debug|Any CPU
		{C2C69AA7-DD15-419D-B0F3-37B6DE10CC1B}.Debug|Any CPU.Build.0 = Debug|Any CPU
		{C2C69AA7-DD15-419D-B0F3-37B6DE10CC1B}.Release|Any CPU.ActiveCfg = Release|Any CPU
		{C2C69AA7-DD15-419D-B0F3-37B6DE10CC1B}.Release|Any CPU.Build.0 = Release|Any CPU
		{0565517C-31D0-4118-B16B-A0B9546DF9AE}.Debug|Any CPU.ActiveCfg = Debug|Any CPU
		{0565517C-31D0-4118-B16B-A0B9546DF9AE}.Debug|Any CPU.Build.0 = Debug|Any CPU
		{0565517C-31D0-4118-B16B-A0B9546DF9AE}.Release|Any CPU.ActiveCfg = Release|Any CPU
		{0565517C-31D0-4118-B16B-A0B9546DF9AE}.Release|Any CPU.Build.0 = Release|Any CPU
		{BBFDC463-81E0-4D06-89BF-629DA079CA9E}.Debug|Any CPU.ActiveCfg = Debug|Any CPU
		{BBFDC463-81E0-4D06-89BF-629DA079CA9E}.Debug|Any CPU.Build.0 = Debug|Any CPU
		{BBFDC463-81E0-4D06-89BF-629DA079CA9E}.Release|Any CPU.ActiveCfg = Release|Any CPU
		{BBFDC463-81E0-4D06-89BF-629DA079CA9E}.Release|Any CPU.Build.0 = Release|Any CPU
		{F2B3CEE0-752C-4162-BC6D-11D4A75CB79F}.Debug|Any CPU.ActiveCfg = Debug|Any CPU
		{F2B3CEE0-752C-4162-BC6D-11D4A75CB79F}.Debug|Any CPU.Build.0 = Debug|Any CPU
		{F2B3CEE0-752C-4162-BC6D-11D4A75CB79F}.Release|Any CPU.ActiveCfg = Release|Any CPU
		{F2B3CEE0-752C-4162-BC6D-11D4A75CB79F}.Release|Any CPU.Build.0 = Release|Any CPU
		{4546E24A-EC96-4EE2-B61E-6E6B80809309}.Debug|Any CPU.ActiveCfg = Debug|Any CPU
		{4546E24A-EC96-4EE2-B61E-6E6B80809309}.Debug|Any CPU.Build.0 = Debug|Any CPU
		{4546E24A-EC96-4EE2-B61E-6E6B80809309}.Release|Any CPU.ActiveCfg = Release|Any CPU
		{4546E24A-EC96-4EE2-B61E-6E6B80809309}.Release|Any CPU.Build.0 = Release|Any CPU
		{FBEF5DFE-9853-446C-90D4-9ABC7AB6847B}.Debug|Any CPU.ActiveCfg = Debug|Any CPU
		{FBEF5DFE-9853-446C-90D4-9ABC7AB6847B}.Debug|Any CPU.Build.0 = Debug|Any CPU
		{FBEF5DFE-9853-446C-90D4-9ABC7AB6847B}.Release|Any CPU.ActiveCfg = Release|Any CPU
		{FBEF5DFE-9853-446C-90D4-9ABC7AB6847B}.Release|Any CPU.Build.0 = Release|Any CPU
		{C2178F43-8487-4F46-A666-295559B36105}.Debug|Any CPU.ActiveCfg = Debug|Any CPU
		{C2178F43-8487-4F46-A666-295559B36105}.Debug|Any CPU.Build.0 = Debug|Any CPU
		{C2178F43-8487-4F46-A666-295559B36105}.Release|Any CPU.ActiveCfg = Release|Any CPU
		{C2178F43-8487-4F46-A666-295559B36105}.Release|Any CPU.Build.0 = Release|Any CPU
		{1EE7AA96-E0EE-417E-A62F-5533CB67084C}.Debug|Any CPU.ActiveCfg = Debug|Any CPU
		{1EE7AA96-E0EE-417E-A62F-5533CB67084C}.Debug|Any CPU.Build.0 = Debug|Any CPU
		{1EE7AA96-E0EE-417E-A62F-5533CB67084C}.Release|Any CPU.ActiveCfg = Release|Any CPU
		{1EE7AA96-E0EE-417E-A62F-5533CB67084C}.Release|Any CPU.Build.0 = Release|Any CPU
		{EC773983-27FE-477B-8AA4-31740EB31AE1}.Debug|Any CPU.ActiveCfg = Debug|Any CPU
		{EC773983-27FE-477B-8AA4-31740EB31AE1}.Debug|Any CPU.Build.0 = Debug|Any CPU
		{EC773983-27FE-477B-8AA4-31740EB31AE1}.Release|Any CPU.ActiveCfg = Release|Any CPU
		{EC773983-27FE-477B-8AA4-31740EB31AE1}.Release|Any CPU.Build.0 = Release|Any CPU
		{6D901023-CA93-46E4-998B-D3DAABBFDC14}.Debug|Any CPU.ActiveCfg = Debug|Any CPU
		{6D901023-CA93-46E4-998B-D3DAABBFDC14}.Debug|Any CPU.Build.0 = Debug|Any CPU
		{6D901023-CA93-46E4-998B-D3DAABBFDC14}.Release|Any CPU.ActiveCfg = Release|Any CPU
		{6D901023-CA93-46E4-998B-D3DAABBFDC14}.Release|Any CPU.Build.0 = Release|Any CPU
		{5D841A64-EEBF-4B1F-BFBB-932A06AB4F41}.Debug|Any CPU.ActiveCfg = Debug|Any CPU
		{5D841A64-EEBF-4B1F-BFBB-932A06AB4F41}.Debug|Any CPU.Build.0 = Debug|Any CPU
		{5D841A64-EEBF-4B1F-BFBB-932A06AB4F41}.Release|Any CPU.ActiveCfg = Release|Any CPU
		{5D841A64-EEBF-4B1F-BFBB-932A06AB4F41}.Release|Any CPU.Build.0 = Release|Any CPU
		{EB6B1C2F-924E-4611-A1AA-8A6B0B2FECB8}.Debug|Any CPU.ActiveCfg = Debug|Any CPU
		{EB6B1C2F-924E-4611-A1AA-8A6B0B2FECB8}.Debug|Any CPU.Build.0 = Debug|Any CPU
		{EB6B1C2F-924E-4611-A1AA-8A6B0B2FECB8}.Release|Any CPU.ActiveCfg = Release|Any CPU
		{EB6B1C2F-924E-4611-A1AA-8A6B0B2FECB8}.Release|Any CPU.Build.0 = Release|Any CPU
		{6B1D90BC-95DE-485A-8233-F522A133130A}.Debug|Any CPU.ActiveCfg = Debug|Any CPU
		{6B1D90BC-95DE-485A-8233-F522A133130A}.Debug|Any CPU.Build.0 = Debug|Any CPU
		{6B1D90BC-95DE-485A-8233-F522A133130A}.Release|Any CPU.ActiveCfg = Release|Any CPU
		{6B1D90BC-95DE-485A-8233-F522A133130A}.Release|Any CPU.Build.0 = Release|Any CPU
		{5F52B098-F5D5-4E18-8F83-B67EEF3A06AB}.Debug|Any CPU.ActiveCfg = Debug|Any CPU
		{5F52B098-F5D5-4E18-8F83-B67EEF3A06AB}.Debug|Any CPU.Build.0 = Debug|Any CPU
		{5F52B098-F5D5-4E18-8F83-B67EEF3A06AB}.Release|Any CPU.ActiveCfg = Release|Any CPU
		{5F52B098-F5D5-4E18-8F83-B67EEF3A06AB}.Release|Any CPU.Build.0 = Release|Any CPU
		{EF5BF07C-9E22-4691-AB0C-56EB5F190904}.Debug|Any CPU.ActiveCfg = Debug|Any CPU
		{EF5BF07C-9E22-4691-AB0C-56EB5F190904}.Debug|Any CPU.Build.0 = Debug|Any CPU
		{EF5BF07C-9E22-4691-AB0C-56EB5F190904}.Release|Any CPU.ActiveCfg = Release|Any CPU
		{EF5BF07C-9E22-4691-AB0C-56EB5F190904}.Release|Any CPU.Build.0 = Release|Any CPU
		{8E4482CB-6869-4F53-81C1-12AC27D561E4}.Debug|Any CPU.ActiveCfg = Debug|Any CPU
		{8E4482CB-6869-4F53-81C1-12AC27D561E4}.Debug|Any CPU.Build.0 = Debug|Any CPU
		{8E4482CB-6869-4F53-81C1-12AC27D561E4}.Release|Any CPU.ActiveCfg = Release|Any CPU
		{8E4482CB-6869-4F53-81C1-12AC27D561E4}.Release|Any CPU.Build.0 = Release|Any CPU
		{32124E6F-DBA1-43D1-B023-F484D9CF516A}.Debug|Any CPU.ActiveCfg = Debug|Any CPU
		{32124E6F-DBA1-43D1-B023-F484D9CF516A}.Debug|Any CPU.Build.0 = Debug|Any CPU
		{32124E6F-DBA1-43D1-B023-F484D9CF516A}.Release|Any CPU.ActiveCfg = Release|Any CPU
		{32124E6F-DBA1-43D1-B023-F484D9CF516A}.Release|Any CPU.Build.0 = Release|Any CPU
		{69FDCF15-44F6-4363-B3A9-ADFDAF226F90}.Debug|Any CPU.ActiveCfg = Debug|Any CPU
		{69FDCF15-44F6-4363-B3A9-ADFDAF226F90}.Debug|Any CPU.Build.0 = Debug|Any CPU
		{69FDCF15-44F6-4363-B3A9-ADFDAF226F90}.Release|Any CPU.ActiveCfg = Release|Any CPU
		{69FDCF15-44F6-4363-B3A9-ADFDAF226F90}.Release|Any CPU.Build.0 = Release|Any CPU
		{567AE74B-8636-45BA-AEF9-F819FDD30801}.Debug|Any CPU.ActiveCfg = Debug|Any CPU
		{567AE74B-8636-45BA-AEF9-F819FDD30801}.Debug|Any CPU.Build.0 = Debug|Any CPU
		{567AE74B-8636-45BA-AEF9-F819FDD30801}.Release|Any CPU.ActiveCfg = Release|Any CPU
		{567AE74B-8636-45BA-AEF9-F819FDD30801}.Release|Any CPU.Build.0 = Release|Any CPU
		{73C8E2E8-A0DF-4C69-BCB7-884AF824DBE1}.Debug|Any CPU.ActiveCfg = Debug|Any CPU
		{73C8E2E8-A0DF-4C69-BCB7-884AF824DBE1}.Debug|Any CPU.Build.0 = Debug|Any CPU
		{73C8E2E8-A0DF-4C69-BCB7-884AF824DBE1}.Release|Any CPU.ActiveCfg = Release|Any CPU
		{73C8E2E8-A0DF-4C69-BCB7-884AF824DBE1}.Release|Any CPU.Build.0 = Release|Any CPU
		{2B33E0B3-F835-468E-AA31-4E17721D884D}.Debug|Any CPU.ActiveCfg = Debug|Any CPU
		{2B33E0B3-F835-468E-AA31-4E17721D884D}.Debug|Any CPU.Build.0 = Debug|Any CPU
		{2B33E0B3-F835-468E-AA31-4E17721D884D}.Release|Any CPU.ActiveCfg = Release|Any CPU
		{2B33E0B3-F835-468E-AA31-4E17721D884D}.Release|Any CPU.Build.0 = Release|Any CPU
		{A20F2003-5114-4CED-9FBB-200164FD8BFE}.Debug|Any CPU.ActiveCfg = Debug|Any CPU
		{A20F2003-5114-4CED-9FBB-200164FD8BFE}.Debug|Any CPU.Build.0 = Debug|Any CPU
		{A20F2003-5114-4CED-9FBB-200164FD8BFE}.Release|Any CPU.ActiveCfg = Release|Any CPU
		{A20F2003-5114-4CED-9FBB-200164FD8BFE}.Release|Any CPU.Build.0 = Release|Any CPU
		{77FB491F-45BD-487E-A822-3A61955FFDCA}.Debug|Any CPU.ActiveCfg = Debug|Any CPU
		{77FB491F-45BD-487E-A822-3A61955FFDCA}.Debug|Any CPU.Build.0 = Debug|Any CPU
		{77FB491F-45BD-487E-A822-3A61955FFDCA}.Debug|Any CPU.Deploy.0 = Debug|Any CPU
		{77FB491F-45BD-487E-A822-3A61955FFDCA}.Release|Any CPU.ActiveCfg = Release|Any CPU
		{77FB491F-45BD-487E-A822-3A61955FFDCA}.Release|Any CPU.Build.0 = Release|Any CPU
		{77FB491F-45BD-487E-A822-3A61955FFDCA}.Release|Any CPU.Deploy.0 = Release|Any CPU
		{654209FB-9953-41E1-80E4-8CD16B96EA76}.Debug|Any CPU.ActiveCfg = Debug|Any CPU
		{654209FB-9953-41E1-80E4-8CD16B96EA76}.Debug|Any CPU.Build.0 = Debug|Any CPU
		{654209FB-9953-41E1-80E4-8CD16B96EA76}.Debug|Any CPU.Deploy.0 = Debug|Any CPU
		{654209FB-9953-41E1-80E4-8CD16B96EA76}.Release|Any CPU.ActiveCfg = Release|Any CPU
		{654209FB-9953-41E1-80E4-8CD16B96EA76}.Release|Any CPU.Build.0 = Release|Any CPU
		{654209FB-9953-41E1-80E4-8CD16B96EA76}.Release|Any CPU.Deploy.0 = Release|Any CPU
		{FB902F85-B903-4755-B4FE-42A656CB8BEA}.Debug|Any CPU.ActiveCfg = Debug|Any CPU
		{FB902F85-B903-4755-B4FE-42A656CB8BEA}.Debug|Any CPU.Build.0 = Debug|Any CPU
		{FB902F85-B903-4755-B4FE-42A656CB8BEA}.Release|Any CPU.ActiveCfg = Release|Any CPU
		{FB902F85-B903-4755-B4FE-42A656CB8BEA}.Release|Any CPU.Build.0 = Release|Any CPU
		{60370E57-D8C6-4893-A937-9B3E1B23BCF4}.Debug|Any CPU.ActiveCfg = Debug|Any CPU
		{60370E57-D8C6-4893-A937-9B3E1B23BCF4}.Debug|Any CPU.Build.0 = Debug|Any CPU
		{60370E57-D8C6-4893-A937-9B3E1B23BCF4}.Release|Any CPU.ActiveCfg = Release|Any CPU
		{60370E57-D8C6-4893-A937-9B3E1B23BCF4}.Release|Any CPU.Build.0 = Release|Any CPU
		{3F468364-8AF8-4F7C-914E-483035C8FE99}.Debug|Any CPU.ActiveCfg = Debug|Any CPU
		{3F468364-8AF8-4F7C-914E-483035C8FE99}.Debug|Any CPU.Build.0 = Debug|Any CPU
		{3F468364-8AF8-4F7C-914E-483035C8FE99}.Release|Any CPU.ActiveCfg = Release|Any CPU
		{3F468364-8AF8-4F7C-914E-483035C8FE99}.Release|Any CPU.Build.0 = Release|Any CPU
		{2EB7B075-A8D2-489D-B178-991F53184856}.Debug|Any CPU.ActiveCfg = Debug|Any CPU
		{2EB7B075-A8D2-489D-B178-991F53184856}.Debug|Any CPU.Build.0 = Debug|Any CPU
		{2EB7B075-A8D2-489D-B178-991F53184856}.Release|Any CPU.ActiveCfg = Release|Any CPU
		{2EB7B075-A8D2-489D-B178-991F53184856}.Release|Any CPU.Build.0 = Release|Any CPU
		{574972F2-1D8E-4F81-98FE-87B6C9579685}.Debug|Any CPU.ActiveCfg = Debug|Any CPU
		{574972F2-1D8E-4F81-98FE-87B6C9579685}.Debug|Any CPU.Build.0 = Debug|Any CPU
		{574972F2-1D8E-4F81-98FE-87B6C9579685}.Release|Any CPU.ActiveCfg = Release|Any CPU
		{574972F2-1D8E-4F81-98FE-87B6C9579685}.Release|Any CPU.Build.0 = Release|Any CPU
		{405E6053-CE8D-440A-8D8D-90605F094D96}.Debug|Any CPU.ActiveCfg = Debug|Any CPU
		{405E6053-CE8D-440A-8D8D-90605F094D96}.Debug|Any CPU.Build.0 = Debug|Any CPU
		{405E6053-CE8D-440A-8D8D-90605F094D96}.Release|Any CPU.ActiveCfg = Release|Any CPU
		{405E6053-CE8D-440A-8D8D-90605F094D96}.Release|Any CPU.Build.0 = Release|Any CPU
		{AD12676A-260A-4591-859C-5B8FB6A7CBE5}.Debug|Any CPU.ActiveCfg = Debug|Any CPU
		{AD12676A-260A-4591-859C-5B8FB6A7CBE5}.Debug|Any CPU.Build.0 = Debug|Any CPU
		{AD12676A-260A-4591-859C-5B8FB6A7CBE5}.Release|Any CPU.ActiveCfg = Release|Any CPU
		{AD12676A-260A-4591-859C-5B8FB6A7CBE5}.Release|Any CPU.Build.0 = Release|Any CPU
		{921113E0-869A-4D6C-A50C-5124A033AF15}.Debug|Any CPU.ActiveCfg = Debug|Any CPU
		{921113E0-869A-4D6C-A50C-5124A033AF15}.Debug|Any CPU.Build.0 = Debug|Any CPU
		{921113E0-869A-4D6C-A50C-5124A033AF15}.Release|Any CPU.ActiveCfg = Release|Any CPU
		{921113E0-869A-4D6C-A50C-5124A033AF15}.Release|Any CPU.Build.0 = Release|Any CPU
		{39E0F717-ABB0-4EAA-81B4-3FEF59E59BEA}.Debug|Any CPU.ActiveCfg = Debug|Any CPU
		{39E0F717-ABB0-4EAA-81B4-3FEF59E59BEA}.Debug|Any CPU.Build.0 = Debug|Any CPU
		{39E0F717-ABB0-4EAA-81B4-3FEF59E59BEA}.Release|Any CPU.ActiveCfg = Release|Any CPU
		{39E0F717-ABB0-4EAA-81B4-3FEF59E59BEA}.Release|Any CPU.Build.0 = Release|Any CPU
		{E5980853-A525-4594-B6FD-3AC7F92EFBE9}.Debug|Any CPU.ActiveCfg = Debug|Any CPU
		{E5980853-A525-4594-B6FD-3AC7F92EFBE9}.Debug|Any CPU.Build.0 = Debug|Any CPU
		{E5980853-A525-4594-B6FD-3AC7F92EFBE9}.Release|Any CPU.ActiveCfg = Release|Any CPU
		{E5980853-A525-4594-B6FD-3AC7F92EFBE9}.Release|Any CPU.Build.0 = Release|Any CPU
		{6D009020-DBA3-4EFE-B771-F3C301F66945}.Debug|Any CPU.ActiveCfg = Debug|Any CPU
		{6D009020-DBA3-4EFE-B771-F3C301F66945}.Debug|Any CPU.Build.0 = Debug|Any CPU
		{6D009020-DBA3-4EFE-B771-F3C301F66945}.Release|Any CPU.ActiveCfg = Release|Any CPU
		{6D009020-DBA3-4EFE-B771-F3C301F66945}.Release|Any CPU.Build.0 = Release|Any CPU
		{210B3B8D-F68D-4446-9823-95976298D4CA}.Debug|Any CPU.ActiveCfg = Debug|Any CPU
		{210B3B8D-F68D-4446-9823-95976298D4CA}.Debug|Any CPU.Build.0 = Debug|Any CPU
		{210B3B8D-F68D-4446-9823-95976298D4CA}.Release|Any CPU.ActiveCfg = Release|Any CPU
		{210B3B8D-F68D-4446-9823-95976298D4CA}.Release|Any CPU.Build.0 = Release|Any CPU
	EndGlobalSection
	GlobalSection(SolutionProperties) = preSolution
		HideSolutionNode = FALSE
	EndGlobalSection
	GlobalSection(NestedProjects) = preSolution
		{C2C69AA7-DD15-419D-B0F3-37B6DE10CC1B} = {EB5D4B8E-4910-4460-8A4F-1B218AFF3895}
		{0565517C-31D0-4118-B16B-A0B9546DF9AE} = {ED7D811A-4417-4EB8-8BB7-0A9D1EA31800}
		{003C2D53-8E51-4436-94E1-40E7BB64B7F5} = {F8E2F035-EC85-49AA-8584-3E18C5B54EE9}
		{BBFDC463-81E0-4D06-89BF-629DA079CA9E} = {003C2D53-8E51-4436-94E1-40E7BB64B7F5}
		{F2B3CEE0-752C-4162-BC6D-11D4A75CB79F} = {003C2D53-8E51-4436-94E1-40E7BB64B7F5}
		{4546E24A-EC96-4EE2-B61E-6E6B80809309} = {003C2D53-8E51-4436-94E1-40E7BB64B7F5}
		{FBEF5DFE-9853-446C-90D4-9ABC7AB6847B} = {003C2D53-8E51-4436-94E1-40E7BB64B7F5}
		{A366F68A-628A-4579-BC0F-486B03EF49D3} = {F8E2F035-EC85-49AA-8584-3E18C5B54EE9}
		{C2178F43-8487-4F46-A666-295559B36105} = {A366F68A-628A-4579-BC0F-486B03EF49D3}
		{1EE7AA96-E0EE-417E-A62F-5533CB67084C} = {A366F68A-628A-4579-BC0F-486B03EF49D3}
		{EC773983-27FE-477B-8AA4-31740EB31AE1} = {A366F68A-628A-4579-BC0F-486B03EF49D3}
		{6D901023-CA93-46E4-998B-D3DAABBFDC14} = {A366F68A-628A-4579-BC0F-486B03EF49D3}
		{473BC3A3-6EE2-4A02-95C9-3AD21E16D07E} = {F8E2F035-EC85-49AA-8584-3E18C5B54EE9}
		{5D841A64-EEBF-4B1F-BFBB-932A06AB4F41} = {473BC3A3-6EE2-4A02-95C9-3AD21E16D07E}
		{EB6B1C2F-924E-4611-A1AA-8A6B0B2FECB8} = {473BC3A3-6EE2-4A02-95C9-3AD21E16D07E}
		{6B1D90BC-95DE-485A-8233-F522A133130A} = {473BC3A3-6EE2-4A02-95C9-3AD21E16D07E}
		{5F52B098-F5D5-4E18-8F83-B67EEF3A06AB} = {473BC3A3-6EE2-4A02-95C9-3AD21E16D07E}
		{98DFB4FC-A9FB-418F-8B48-B2148D271949} = {F8E2F035-EC85-49AA-8584-3E18C5B54EE9}
		{EF5BF07C-9E22-4691-AB0C-56EB5F190904} = {98DFB4FC-A9FB-418F-8B48-B2148D271949}
		{8E4482CB-6869-4F53-81C1-12AC27D561E4} = {98DFB4FC-A9FB-418F-8B48-B2148D271949}
		{32124E6F-DBA1-43D1-B023-F484D9CF516A} = {98DFB4FC-A9FB-418F-8B48-B2148D271949}
		{69FDCF15-44F6-4363-B3A9-ADFDAF226F90} = {98DFB4FC-A9FB-418F-8B48-B2148D271949}
		{B412F5BC-F8A9-4FD4-8C64-C20FF1B6B310} = {F8E2F035-EC85-49AA-8584-3E18C5B54EE9}
		{567AE74B-8636-45BA-AEF9-F819FDD30801} = {B412F5BC-F8A9-4FD4-8C64-C20FF1B6B310}
		{73C8E2E8-A0DF-4C69-BCB7-884AF824DBE1} = {B412F5BC-F8A9-4FD4-8C64-C20FF1B6B310}
		{2B33E0B3-F835-468E-AA31-4E17721D884D} = {B412F5BC-F8A9-4FD4-8C64-C20FF1B6B310}
		{A20F2003-5114-4CED-9FBB-200164FD8BFE} = {B412F5BC-F8A9-4FD4-8C64-C20FF1B6B310}
		{359DD70B-0814-4B49-8011-2D93AE313BF5} = {F8E2F035-EC85-49AA-8584-3E18C5B54EE9}
		{FB902F85-B903-4755-B4FE-42A656CB8BEA} = {359DD70B-0814-4B49-8011-2D93AE313BF5}
		{60370E57-D8C6-4893-A937-9B3E1B23BCF4} = {359DD70B-0814-4B49-8011-2D93AE313BF5}
		{3F468364-8AF8-4F7C-914E-483035C8FE99} = {359DD70B-0814-4B49-8011-2D93AE313BF5}
		{2EB7B075-A8D2-489D-B178-991F53184856} = {359DD70B-0814-4B49-8011-2D93AE313BF5}
		{C4A66308-C929-4BBA-961C-EFF2C9C51F8C} = {F8E2F035-EC85-49AA-8584-3E18C5B54EE9}
		{574972F2-1D8E-4F81-98FE-87B6C9579685} = {C4A66308-C929-4BBA-961C-EFF2C9C51F8C}
		{405E6053-CE8D-440A-8D8D-90605F094D96} = {C4A66308-C929-4BBA-961C-EFF2C9C51F8C}
		{AD12676A-260A-4591-859C-5B8FB6A7CBE5} = {C4A66308-C929-4BBA-961C-EFF2C9C51F8C}
		{921113E0-869A-4D6C-A50C-5124A033AF15} = {C4A66308-C929-4BBA-961C-EFF2C9C51F8C}
		{602A9267-F3FF-4365-A876-D40DFE643BD8} = {F8E2F035-EC85-49AA-8584-3E18C5B54EE9}
		{39E0F717-ABB0-4EAA-81B4-3FEF59E59BEA} = {602A9267-F3FF-4365-A876-D40DFE643BD8}
		{E5980853-A525-4594-B6FD-3AC7F92EFBE9} = {602A9267-F3FF-4365-A876-D40DFE643BD8}
		{6D009020-DBA3-4EFE-B771-F3C301F66945} = {602A9267-F3FF-4365-A876-D40DFE643BD8}
		{210B3B8D-F68D-4446-9823-95976298D4CA} = {602A9267-F3FF-4365-A876-D40DFE643BD8}
	EndGlobalSection
	GlobalSection(ExtensibilityGlobals) = postSolution
		SolutionGuid = {03DDB767-6818-4FA4-B752-2404DAA3C9B6}
	EndGlobalSection
EndGlobal
